
Microsoft Visual Studio Solution File, Format Version 12.00
# Visual Studio 2015
<<<<<<< HEAD
=======
Project("{FAE04EC0-301F-11D3-BF4B-00C04F79EFBC}") = "Game Jam 2018", "Game Jam 2018.csproj", "{54882CD5-6D0D-91A7-9E53-5EF38500AB8A}"
EndProject
>>>>>>> 0435b511dad57b511200f42aa965912c8e354b6a
Project("{FAE04EC0-301F-11D3-BF4B-00C04F79EFBC}") = "Game Jam 2018.Plugins", "Game Jam 2018.Plugins.csproj", "{8BC7371B-069A-6217-753F-9277225BA436}"
EndProject
Project("{FAE04EC0-301F-11D3-BF4B-00C04F79EFBC}") = "Game Jam 2018", "Game Jam 2018.csproj", "{54882CD5-6D0D-91A7-9E53-5EF38500AB8A}"
EndProject
Project("{FAE04EC0-301F-11D3-BF4B-00C04F79EFBC}") = "Game Jam 2018.Editor", "Game Jam 2018.Editor.csproj", "{E8E53D21-3512-AC15-3E67-529C6A4DC454}"
EndProject
Global
	GlobalSection(SolutionConfigurationPlatforms) = preSolution
		Debug|Any CPU = Debug|Any CPU
		Release|Any CPU = Release|Any CPU
	EndGlobalSection
	GlobalSection(ProjectConfigurationPlatforms) = postSolution
		{8BC7371B-069A-6217-753F-9277225BA436}.Debug|Any CPU.ActiveCfg = Debug|Any CPU
		{8BC7371B-069A-6217-753F-9277225BA436}.Debug|Any CPU.Build.0 = Debug|Any CPU
		{8BC7371B-069A-6217-753F-9277225BA436}.Release|Any CPU.ActiveCfg = Release|Any CPU
		{8BC7371B-069A-6217-753F-9277225BA436}.Release|Any CPU.Build.0 = Release|Any CPU
		{54882CD5-6D0D-91A7-9E53-5EF38500AB8A}.Debug|Any CPU.ActiveCfg = Debug|Any CPU
		{54882CD5-6D0D-91A7-9E53-5EF38500AB8A}.Debug|Any CPU.Build.0 = Debug|Any CPU
		{54882CD5-6D0D-91A7-9E53-5EF38500AB8A}.Release|Any CPU.ActiveCfg = Release|Any CPU
		{54882CD5-6D0D-91A7-9E53-5EF38500AB8A}.Release|Any CPU.Build.0 = Release|Any CPU
		{E8E53D21-3512-AC15-3E67-529C6A4DC454}.Debug|Any CPU.ActiveCfg = Debug|Any CPU
		{E8E53D21-3512-AC15-3E67-529C6A4DC454}.Debug|Any CPU.Build.0 = Debug|Any CPU
		{E8E53D21-3512-AC15-3E67-529C6A4DC454}.Release|Any CPU.ActiveCfg = Release|Any CPU
		{E8E53D21-3512-AC15-3E67-529C6A4DC454}.Release|Any CPU.Build.0 = Release|Any CPU
	EndGlobalSection
	GlobalSection(SolutionProperties) = preSolution
		HideSolutionNode = FALSE
	EndGlobalSection
EndGlobal
